<?xml version="1.0" encoding="utf-8"?>
<Project ToolsVersion="4.0" xmlns="http://schemas.microsoft.com/developer/msbuild/2003">
  <ItemGroup>
    <Filter Include="Quelldateien">
      <UniqueIdentifier>{4FC737F1-C7A5-4376-A066-2A32D752A2FF}</UniqueIdentifier>
      <Extensions>cpp;c;cc;cxx;c++;cppm;ixx;def;odl;idl;hpj;bat;asm;asmx</Extensions>
    </Filter>
    <Filter Include="Headerdateien">
      <UniqueIdentifier>{93995380-89BD-4b04-88EB-625FBE52EBFB}</UniqueIdentifier>
      <Extensions>h;hh;hpp;hxx;h++;hm;inl;inc;ipp;xsd</Extensions>
    </Filter>
    <Filter Include="Ressourcendateien">
      <UniqueIdentifier>{67DA6AB6-F800-4c08-8B7A-83BB121AAD01}</UniqueIdentifier>
      <Extensions>rc;ico;cur;bmp;dlg;rc2;rct;bin;rgs;gif;jpg;jpeg;jpe;resx;tiff;tif;png;wav;mfcribbon-ms</Extensions>
    </Filter>
  </ItemGroup>
  <ItemGroup>
    <ClCompile Include="source\dllmain.cpp">
      <Filter>Quelldateien</Filter>
    </ClCompile>
    <ClCompile Include="source\core\Hooks\Dx9Hook.cpp">
      <Filter>Quelldateien</Filter>
    </ClCompile>
    <ClCompile Include="source\Dependencies\imgui\imgui.cpp">
      <Filter>Quelldateien</Filter>
    </ClCompile>
    <ClCompile Include="source\Dependencies\imgui\imgui_demo.cpp">
      <Filter>Quelldateien</Filter>
    </ClCompile>
    <ClCompile Include="source\Dependencies\imgui\imgui_draw.cpp">
      <Filter>Quelldateien</Filter>
    </ClCompile>
    <ClCompile Include="source\Dependencies\imgui\imgui_impl_dx9.cpp">
      <Filter>Quelldateien</Filter>
    </ClCompile>
    <ClCompile Include="source\Dependencies\imgui\imgui_impl_win32.cpp">
      <Filter>Quelldateien</Filter>
    </ClCompile>
    <ClCompile Include="source\Dependencies\imgui\imgui_widgets.cpp">
      <Filter>Quelldateien</Filter>
    </ClCompile>
    <ClCompile Include="source\menu.cpp">
      <Filter>Quelldateien</Filter>
    </ClCompile>
    <ClCompile Include="source\core\NetVars\NetVarManager\NetVarManager.cpp">
      <Filter>Quelldateien</Filter>
    </ClCompile>
    <ClCompile Include="source\core\Interfaces\interfaceManager.cpp">
      <Filter>Quelldateien</Filter>
    </ClCompile>
    <ClCompile Include="source\SDK\math\math.cpp">
      <Filter>Quelldateien</Filter>
    </ClCompile>
    <ClCompile Include="source\SDK\math\vec2.cpp">
      <Filter>Quelldateien</Filter>
    </ClCompile>
    <ClCompile Include="source\SDK\math\vec4.cpp">
      <Filter>Quelldateien</Filter>
    </ClCompile>
  </ItemGroup>
  <ItemGroup>
    <ClInclude Include="source\core\Hooks\Dx9Hook.h">
      <Filter>Headerdateien</Filter>
    </ClInclude>
    <ClInclude Include="source\Dependencies\imgui\imconfig.h">
      <Filter>Headerdateien</Filter>
    </ClInclude>
    <ClInclude Include="source\Dependencies\imgui\imgui.h">
      <Filter>Headerdateien</Filter>
    </ClInclude>
    <ClInclude Include="source\Dependencies\imgui\imgui_impl_dx9.h">
      <Filter>Headerdateien</Filter>
    </ClInclude>
    <ClInclude Include="source\Dependencies\imgui\imgui_impl_win32.h">
      <Filter>Headerdateien</Filter>
    </ClInclude>
    <ClInclude Include="source\Dependencies\imgui\imgui_internal.h">
      <Filter>Headerdateien</Filter>
    </ClInclude>
    <ClInclude Include="source\Dependencies\imgui\imstb_rectpack.h">
      <Filter>Headerdateien</Filter>
    </ClInclude>
    <ClInclude Include="source\Dependencies\imgui\imstb_textedit.h">
      <Filter>Headerdateien</Filter>
    </ClInclude>
    <ClInclude Include="source\Dependencies\imgui\imstb_truetype.h">
      <Filter>Headerdateien</Filter>
    </ClInclude>
    <ClInclude Include="source\Dependencies\detours\detours.h">
      <Filter>Headerdateien</Filter>
    </ClInclude>
    <ClInclude Include="source\globals.h">
      <Filter>Headerdateien</Filter>
    </ClInclude>
    <ClInclude Include="source\menu.h">
      <Filter>Headerdateien</Filter>
    </ClInclude>
    <ClInclude Include="source\core\NetVars\NetVarManager\NetVarManager.h">
      <Filter>Headerdateien</Filter>
    </ClInclude>
    <ClInclude Include="source\Dependencies\fnv.h">
      <Filter>Headerdateien</Filter>
    </ClInclude>
    <ClInclude Include="source\core\Interfaces\interfaceManager.h">
      <Filter>Headerdateien</Filter>
    </ClInclude>
    <ClInclude Include="source\core\Interfaces\interfaces.h">
      <Filter>Headerdateien</Filter>
    </ClInclude>
    <ClInclude Include="source\SDK\math\math.h">
      <Filter>Headerdateien</Filter>
    </ClInclude>
    <ClInclude Include="source\SDK\math\matrix.h">
      <Filter>Headerdateien</Filter>
    </ClInclude>
    <ClInclude Include="source\SDK\math\qangle.h">
      <Filter>Headerdateien</Filter>
    </ClInclude>
    <ClInclude Include="source\SDK\math\vec2.h">
      <Filter>Headerdateien</Filter>
    </ClInclude>
    <ClInclude Include="source\SDK\math\vec3.h">
      <Filter>Headerdateien</Filter>
    </ClInclude>
    <ClInclude Include="source\SDK\math\vec4.h">
      <Filter>Headerdateien</Filter>
    </ClInclude>
    <ClInclude Include="source\SDK\interfaces\ClientInterface.h">
      <Filter>Headerdateien</Filter>
    </ClInclude>
    <ClInclude Include="source\SDK\playerClasses\BaseHandle.h">
      <Filter>Headerdateien</Filter>
    </ClInclude>
    <ClInclude Include="source\SDK\playerClasses\IClientEntity.h">
      <Filter>Headerdateien</Filter>
    </ClInclude>
    <ClInclude Include="source\SDK\playerClasses\CBaseEntity.h">
      <Filter>Headerdateien</Filter>
    </ClInclude>
    <ClInclude Include="source\SDK\playerClasses\classes\player.h">
      <Filter>Headerdateien</Filter>
    </ClInclude>
    <ClInclude Include="source\SDK\playerClasses\IHandleEntity.h">
      <Filter>Headerdateien</Filter>
    </ClInclude>
    <ClInclude Include="source\SDK\playerClasses\IModelRender.h">
      <Filter>Headerdateien</Filter>
    </ClInclude>
    <ClInclude Include="source\SDK\recvDatatable.h">
      <Filter>Headerdateien</Filter>
    </ClInclude>
    <ClInclude Include="source\SDK\interfaces\EngineInterface.h">
      <Filter>Headerdateien</Filter>
    </ClInclude>
  </ItemGroup>
</Project>